
Microsoft Visual Studio Solution File, Format Version 12.00
# Visual Studio Version 16
VisualStudioVersion = 16.0.31410.357
MinimumVisualStudioVersion = 10.0.40219.1
Project("{9A19103F-16F7-4668-BE54-9A1E7A4F7556}") = "SystemUnderTest.Blazor", "SystemUnderTest.Blazor\SystemUnderTest.Blazor.csproj", "{DB8A688B-63FB-418A-8782-49CC082FFDFA}"
EndProject
Project("{FAE04EC0-301F-11D3-BF4B-00C04F79EFBC}") = "RazorTests", "RazorTests\RazorTests.csproj", "{D6C3DE14-AF0F-4190-B498-658BBE0972CB}"
EndProject
Global
	GlobalSection(SolutionConfigurationPlatforms) = preSolution
		Debug|Any CPU = Debug|Any CPU
		Release|Any CPU = Release|Any CPU
	EndGlobalSection
	GlobalSection(ProjectConfigurationPlatforms) = postSolution
		{DB8A688B-63FB-418A-8782-49CC082FFDFA}.Debug|Any CPU.ActiveCfg = Debug|Any CPU
		{DB8A688B-63FB-418A-8782-49CC082FFDFA}.Debug|Any CPU.Build.0 = Debug|Any CPU
		{DB8A688B-63FB-418A-8782-49CC082FFDFA}.Release|Any CPU.ActiveCfg = Release|Any CPU
		{DB8A688B-63FB-418A-8782-49CC082FFDFA}.Release|Any CPU.Build.0 = Release|Any CPU
		{D6C3DE14-AF0F-4190-B498-658BBE0972CB}.Debug|Any CPU.ActiveCfg = Debug|Any CPU
		{D6C3DE14-AF0F-4190-B498-658BBE0972CB}.Debug|Any CPU.Build.0 = Debug|Any CPU
		{D6C3DE14-AF0F-4190-B498-658BBE0972CB}.Release|Any CPU.ActiveCfg = Release|Any CPU
		{D6C3DE14-AF0F-4190-B498-658BBE0972CB}.Release|Any CPU.Build.0 = Release|Any CPU
	EndGlobalSection
	GlobalSection(SolutionProperties) = preSolution
		HideSolutionNode = FALSE
	EndGlobalSection
	GlobalSection(ExtensibilityGlobals) = postSolution
		SolutionGuid = {D7A55CEC-F09D-4A31-983A-D0925D176020}
	EndGlobalSection
EndGlobal
